{
  "name": "memorygame-multiplayer",
  "lockfileVersion": 3,
  "requires": true,
  "packages": {
    "": {
      "name": "memorygame-multiplayer",
      "devDependencies": {
        "@cloudflare/workers-types": "^4.2024.0"
      }
    },
    "node_modules/@cloudflare/workers-types": {
      "version": "4.20260205.0",
      "resolved": "https://registry.npmjs.org/@cloudflare/workers-types/-/workers-types-4.20260205.0.tgz",
      "integrity": "sha512-LTnpvcodmiuMwxmbrO2Fd0+Avbm2UVLLJxT8J2pRWPfoM44gmbIecXwOPZmDAMeadKWrBsQ+B0sloQAhUu5fpA==",
      "dev": true,
      "license": "MIT OR Apache-2.0"
    }
  }
}
